{
  "name": "@lean-meta-library/cli",
  "version": "0.1.0",
  "lockfileVersion": 3,
  "requires": true,
  "packages": {
    "": {
      "name": "@lean-meta-library/cli",
      "version": "0.1.0",
      "license": "UNLICENSED",
      "bin": {
        "lean-meta-library": "src/cli.js",
        "lml": "src/cli.js"
      },
      "engines": {
        "node": ">=20"
      }
    }
  }
}
